// !$*UTF8*$!
{
	archiveVersion = 1;
	classes = {
	};
	objectVersion = 50;
	objects = {

/* Begin PBXBuildFile section */
		4003BA66F82A4B6778187D1B /* Pods_SpotifyDemo.framework in Frameworks */ = {isa = PBXBuildFile; fileRef = 9772DB911AFA0C1328A37B01 /* Pods_SpotifyDemo.framework */; };
		971B91FD230173A900197138 /* AppDelegate.swift in Sources */ = {isa = PBXBuildFile; fileRef = 971B91FC230173A900197138 /* AppDelegate.swift */; };
		971B91FF230173A900197138 /* LoginVC.swift in Sources */ = {isa = PBXBuildFile; fileRef = 971B91FE230173A900197138 /* LoginVC.swift */; };
		971B9202230173A900197138 /* Main.storyboard in Resources */ = {isa = PBXBuildFile; fileRef = 971B9200230173A900197138 /* Main.storyboard */; };
		971B9204230173AA00197138 /* Assets.xcassets in Resources */ = {isa = PBXBuildFile; fileRef = 971B9203230173AA00197138 /* Assets.xcassets */; };
		971B9207230173AA00197138 /* LaunchScreen.storyboard in Resources */ = {isa = PBXBuildFile; fileRef = 971B9205230173AA00197138 /* LaunchScreen.storyboard */; };
		971B9210230174B000197138 /* SpotifyiOS.framework in Frameworks */ = {isa = PBXBuildFile; fileRef = 971B920F230174B000197138 /* SpotifyiOS.framework */; };
		971B921823017C4B00197138 /* SpotifyHelper.swift in Sources */ = {isa = PBXBuildFile; fileRef = 971B921723017C4B00197138 /* SpotifyHelper.swift */; };
/* End PBXBuildFile section */

/* Begin PBXFileReference section */
		09E1E3FC59061F3909628B0F /* Pods-SpotifyDemo.debug.xcconfig */ = {isa = PBXFileReference; includeInIndex = 1; lastKnownFileType = text.xcconfig; name = "Pods-SpotifyDemo.debug.xcconfig"; path = "Target Support Files/Pods-SpotifyDemo/Pods-SpotifyDemo.debug.xcconfig"; sourceTree = "<group>"; };
		1BE7A1421E5219A9C3EDFA08 /* Pods-SpotifyDemo.release.xcconfig */ = {isa = PBXFileReference; includeInIndex = 1; lastKnownFileType = text.xcconfig; name = "Pods-SpotifyDemo.release.xcconfig"; path = "Target Support Files/Pods-SpotifyDemo/Pods-SpotifyDemo.release.xcconfig"; sourceTree = "<group>"; };
		971B91F9230173A900197138 /* SpotifyDemo.app */ = {isa = PBXFileReference; explicitFileType = wrapper.application; includeInIndex = 0; path = SpotifyDemo.app; sourceTree = BUILT_PRODUCTS_DIR; };
		971B91FC230173A900197138 /* AppDelegate.swift */ = {isa = PBXFileReference; lastKnownFileType = sourcecode.swift; path = AppDelegate.swift; sourceTree = "<group>"; };
		971B91FE230173A900197138 /* LoginVC.swift */ = {isa = PBXFileReference; lastKnownFileType = sourcecode.swift; path = LoginVC.swift; sourceTree = "<group>"; };
		971B9201230173A900197138 /* Base */ = {isa = PBXFileReference; lastKnownFileType = file.storyboard; name = Base; path = Base.lproj/Main.storyboard; sourceTree = "<group>"; };
		971B9203230173AA00197138 /* Assets.xcassets */ = {isa = PBXFileReference; lastKnownFileType = folder.assetcatalog; path = Assets.xcassets; sourceTree = "<group>"; };
		971B9206230173AA00197138 /* Base */ = {isa = PBXFileReference; lastKnownFileType = file.storyboard; name = Base; path = Base.lproj/LaunchScreen.storyboard; sourceTree = "<group>"; };
		971B9208230173AA00197138 /* Info.plist */ = {isa = PBXFileReference; lastKnownFileType = text.plist.xml; path = Info.plist; sourceTree = "<group>"; };
		971B920F230174B000197138 /* SpotifyiOS.framework */ = {isa = PBXFileReference; lastKnownFileType = wrapper.framework; path = SpotifyiOS.framework; sourceTree = "<group>"; };
		971B92112301782200197138 /* SpotifyDemo-Bridging-Header.h */ = {isa = PBXFileReference; lastKnownFileType = sourcecode.c.h; path = "SpotifyDemo-Bridging-Header.h"; sourceTree = "<group>"; };
		971B921723017C4B00197138 /* SpotifyHelper.swift */ = {isa = PBXFileReference; lastKnownFileType = sourcecode.swift; path = SpotifyHelper.swift; sourceTree = "<group>"; };
		9772DB911AFA0C1328A37B01 /* Pods_SpotifyDemo.framework */ = {isa = PBXFileReference; explicitFileType = wrapper.framework; includeInIndex = 0; path = Pods_SpotifyDemo.framework; sourceTree = BUILT_PRODUCTS_DIR; };
/* End PBXFileReference section */

/* Begin PBXFrameworksBuildPhase section */
		971B91F6230173A900197138 /* Frameworks */ = {
			isa = PBXFrameworksBuildPhase;
			buildActionMask = 2147483647;
			files = (
				971B9210230174B000197138 /* SpotifyiOS.framework in Frameworks */,
				4003BA66F82A4B6778187D1B /* Pods_SpotifyDemo.framework in Frameworks */,
			);
			runOnlyForDeploymentPostprocessing = 0;
		};
/* End PBXFrameworksBuildPhase section */

/* Begin PBXGroup section */
		136DF0CE7DB3494CDC2505C2 /* Pods */ = {
			isa = PBXGroup;
			children = (
				09E1E3FC59061F3909628B0F /* Pods-SpotifyDemo.debug.xcconfig */,
				1BE7A1421E5219A9C3EDFA08 /* Pods-SpotifyDemo.release.xcconfig */,
			);
			name = Pods;
			path = Pods;
			sourceTree = "<group>";
		};
		971B91F0230173A900197138 = {
			isa = PBXGroup;
			children = (
				971B91FB230173A900197138 /* SpotifyDemo */,
				971B91FA230173A900197138 /* Products */,
				971B920E230174B000197138 /* Frameworks */,
				136DF0CE7DB3494CDC2505C2 /* Pods */,
			);
			sourceTree = "<group>";
		};
		971B91FA230173A900197138 /* Products */ = {
			isa = PBXGroup;
			children = (
				971B91F9230173A900197138 /* SpotifyDemo.app */,
			);
			name = Products;
			sourceTree = "<group>";
		};
		971B91FB230173A900197138 /* SpotifyDemo */ = {
			isa = PBXGroup;
			children = (
				971B91FC230173A900197138 /* AppDelegate.swift */,
				971B921623017C0800197138 /* SpotifyHelper */,
				971B921423017BB800197138 /* ViewController */,
				971B921523017BC200197138 /* Storyboard */,
				9769636F23028EB600931296 /* Manager */,
				971B9203230173AA00197138 /* Assets.xcassets */,
				971B9205230173AA00197138 /* LaunchScreen.storyboard */,
				971B92112301782200197138 /* SpotifyDemo-Bridging-Header.h */,
				971B9208230173AA00197138 /* Info.plist */,
			);
			path = SpotifyDemo;
			sourceTree = "<group>";
		};
		971B920E230174B000197138 /* Frameworks */ = {
			isa = PBXGroup;
			children = (
				971B920F230174B000197138 /* SpotifyiOS.framework */,
				9772DB911AFA0C1328A37B01 /* Pods_SpotifyDemo.framework */,
			);
			name = Frameworks;
			sourceTree = "<group>";
		};
		971B921423017BB800197138 /* ViewController */ = {
			isa = PBXGroup;
			children = (
				971B91FE230173A900197138 /* LoginVC.swift */,
			);
			path = ViewController;
			sourceTree = "<group>";
		};
		971B921523017BC200197138 /* Storyboard */ = {
			isa = PBXGroup;
			children = (
				971B9200230173A900197138 /* Main.storyboard */,
			);
			path = Storyboard;
			sourceTree = "<group>";
		};
		971B921623017C0800197138 /* SpotifyHelper */ = {
			isa = PBXGroup;
			children = (
				971B921723017C4B00197138 /* SpotifyHelper.swift */,
			);
			path = SpotifyHelper;
			sourceTree = "<group>";
		};
		9769636F23028EB600931296 /* Manager */ = {
			isa = PBXGroup;
			children = (
			);
			path = Manager;
			sourceTree = "<group>";
		};
/* End PBXGroup section */

/* Begin PBXNativeTarget section */
		971B91F8230173A900197138 /* SpotifyDemo */ = {
			isa = PBXNativeTarget;
			buildConfigurationList = 971B920B230173AA00197138 /* Build configuration list for PBXNativeTarget "SpotifyDemo" */;
			buildPhases = (
				BECE995F0C6B3299FC67A472 /* [CP] Check Pods Manifest.lock */,
				971B91F5230173A900197138 /* Sources */,
				971B91F6230173A900197138 /* Frameworks */,
				971B91F7230173A900197138 /* Resources */,
				43BABBD41459A69C5E18A27D /* [CP] Embed Pods Frameworks */,
			);
			buildRules = (
			);
			dependencies = (
			);
			name = SpotifyDemo;
			productName = SpotifyDemo;
			productReference = 971B91F9230173A900197138 /* SpotifyDemo.app */;
			productType = "com.apple.product-type.application";
		};
/* End PBXNativeTarget section */

/* Begin PBXProject section */
		971B91F1230173A900197138 /* Project object */ = {
			isa = PBXProject;
			attributes = {
				LastSwiftUpdateCheck = 1030;
				LastUpgradeCheck = 1030;
				ORGANIZATIONNAME = "Kedar Sukerkar";
				TargetAttributes = {
					971B91F8230173A900197138 = {
						CreatedOnToolsVersion = 10.3;
						LastSwiftMigration = 1030;
					};
				};
			};
			buildConfigurationList = 971B91F4230173A900197138 /* Build configuration list for PBXProject "SpotifyDemo" */;
			compatibilityVersion = "Xcode 9.3";
			developmentRegion = en;
			hasScannedForEncodings = 0;
			knownRegions = (
				en,
				Base,
			);
			mainGroup = 971B91F0230173A900197138;
			productRefGroup = 971B91FA230173A900197138 /* Products */;
			projectDirPath = "";
			projectRoot = "";
			targets = (
				971B91F8230173A900197138 /* SpotifyDemo */,
			);
		};
/* End PBXProject section */

/* Begin PBXResourcesBuildPhase section */
		971B91F7230173A900197138 /* Resources */ = {
			isa = PBXResourcesBuildPhase;
			buildActionMask = 2147483647;
			files = (
				971B9207230173AA00197138 /* LaunchScreen.storyboard in Resources */,
				971B9204230173AA00197138 /* Assets.xcassets in Resources */,
				971B9202230173A900197138 /* Main.storyboard in Resources */,
			);
			runOnlyForDeploymentPostprocessing = 0;
		};
/* End PBXResourcesBuildPhase section */

/* Begin PBXShellScriptBuildPhase section */
		43BABBD41459A69C5E18A27D /* [CP] Embed Pods Frameworks */ = {
			isa = PBXShellScriptBuildPhase;
			buildActionMask = 2147483647;
			files = (
			);
			inputFileListPaths = (
				"${PODS_ROOT}/Target Support Files/Pods-SpotifyDemo/Pods-SpotifyDemo-frameworks-${CONFIGURATION}-input-files.xcfilelist",
			);
			name = "[CP] Embed Pods Frameworks";
			outputFileListPaths = (
				"${PODS_ROOT}/Target Support Files/Pods-SpotifyDemo/Pods-SpotifyDemo-frameworks-${CONFIGURATION}-output-files.xcfilelist",
			);
			runOnlyForDeploymentPostprocessing = 0;
			shellPath = /bin/sh;
			shellScript = "\"${PODS_ROOT}/Target Support Files/Pods-SpotifyDemo/Pods-SpotifyDemo-frameworks.sh\"\n";
			showEnvVarsInLog = 0;
		};
		BECE995F0C6B3299FC67A472 /* [CP] Check Pods Manifest.lock */ = {
			isa = PBXShellScriptBuildPhase;
			buildActionMask = 2147483647;
			files = (
			);
			inputFileListPaths = (
			);
			inputPaths = (
				"${PODS_PODFILE_DIR_PATH}/Podfile.lock",
				"${PODS_ROOT}/Manifest.lock",
			);
			name = "[CP] Check Pods Manifest.lock";
			outputFileListPaths = (
			);
			outputPaths = (
				"$(DERIVED_FILE_DIR)/Pods-SpotifyDemo-checkManifestLockResult.txt",
			);
			runOnlyForDeploymentPostprocessing = 0;
			shellPath = /bin/sh;
			shellScript = "diff \"${PODS_PODFILE_DIR_PATH}/Podfile.lock\" \"${PODS_ROOT}/Manifest.lock\" > /dev/null\nif [ $? != 0 ] ; then\n    # print error to STDERR\n    echo \"error: The sandbox is not in sync with the Podfile.lock. Run 'pod install' or update your CocoaPods installation.\" >&2\n    exit 1\nfi\n# This output is used by Xcode 'outputs' to avoid re-running this script phase.\necho \"SUCCESS\" > \"${SCRIPT_OUTPUT_FILE_0}\"\n";
			showEnvVarsInLog = 0;
		};
/* End PBXShellScriptBuildPhase section */

/* Begin PBXSourcesBuildPhase section */
		971B91F5230173A900197138 /* Sources */ = {
			isa = PBXSourcesBuildPhase;
			buildActionMask = 2147483647;
			files = (
				971B91FF230173A900197138 /* LoginVC.swift in Sources */,
				971B921823017C4B00197138 /* SpotifyHelper.swift in Sources */,
				971B91FD230173A900197138 /* AppDelegate.swift in Sources */,
			);
			runOnlyForDeploymentPostprocessing = 0;
		};
/* End PBXSourcesBuildPhase section */

/* Begin PBXVariantGroup section */
		971B9200230173A900197138 /* Main.storyboard */ = {
			isa = PBXVariantGroup;
			children = (
				971B9201230173A900197138 /* Base */,
			);
			name = Main.storyboard;
			sourceTree = "<group>";
		};
		971B9205230173AA00197138 /* LaunchScreen.storyboard */ = {
			isa = PBXVariantGroup;
			children = (
				971B9206230173AA00197138 /* Base */,
			);
			name = LaunchScreen.storyboard;
			sourceTree = "<group>";
		};
/* End PBXVariantGroup section */

/* Begin XCBuildConfiguration section */
		971B9209230173AA00197138 /* Debug */ = {
			isa = XCBuildConfiguration;
			buildSettings = {
				ALWAYS_SEARCH_USER_PATHS = NO;
				CLANG_ANALYZER_NONNULL = YES;
				CLANG_ANALYZER_NUMBER_OBJECT_CONVERSION = YES_AGGRESSIVE;
				CLANG_CXX_LANGUAGE_STANDARD = "gnu++14";
				CLANG_CXX_LIBRARY = "libc++";
				CLANG_ENABLE_MODULES = YES;
				CLANG_ENABLE_OBJC_ARC = YES;
				CLANG_ENABLE_OBJC_WEAK = YES;
				CLANG_WARN_BLOCK_CAPTURE_AUTORELEASING = YES;
				CLANG_WARN_BOOL_CONVERSION = YES;
				CLANG_WARN_COMMA = YES;
				CLANG_WARN_CONSTANT_CONVERSION = YES;
				CLANG_WARN_DEPRECATED_OBJC_IMPLEMENTATIONS = YES;
				CLANG_WARN_DIRECT_OBJC_ISA_USAGE = YES_ERROR;
				CLANG_WARN_DOCUMENTATION_COMMENTS = YES;
				CLANG_WARN_EMPTY_BODY = YES;
				CLANG_WARN_ENUM_CONVERSION = YES;
				CLANG_WARN_INFINITE_RECURSION = YES;
				CLANG_WARN_INT_CONVERSION = YES;
				CLANG_WARN_NON_LITERAL_NULL_CONVERSION = YES;
				CLANG_WARN_OBJC_IMPLICIT_RETAIN_SELF = YES;
				CLANG_WARN_OBJC_LITERAL_CONVERSION = YES;
				CLANG_WARN_OBJC_ROOT_CLASS = YES_ERROR;
				CLANG_WARN_RANGE_LOOP_ANALYSIS = YES;
				CLANG_WARN_STRICT_PROTOTYPES = YES;
				CLANG_WARN_SUSPICIOUS_MOVE = YES;
				CLANG_WARN_UNGUARDED_AVAILABILITY = YES_AGGRESSIVE;
				CLANG_WARN_UNREACHABLE_CODE = YES;
				CLANG_WARN__DUPLICATE_METHOD_MATCH = YES;
				CODE_SIGN_IDENTITY = "iPhone Developer";
				COPY_PHASE_STRIP = NO;
				DEBUG_INFORMATION_FORMAT = dwarf;
				ENABLE_STRICT_OBJC_MSGSEND = YES;
				ENABLE_TESTABILITY = YES;
				GCC_C_LANGUAGE_STANDARD = gnu11;
				GCC_DYNAMIC_NO_PIC = NO;
				GCC_NO_COMMON_BLOCKS = YES;
				GCC_OPTIMIZATION_LEVEL = 0;
				GCC_PREPROCESSOR_DEFINITIONS = (
					"DEBUG=1",
					"$(inherited)",
				);
				GCC_WARN_64_TO_32_BIT_CONVERSION = YES;
				GCC_WARN_ABOUT_RETURN_TYPE = YES_ERROR;
				GCC_WARN_UNDECLARED_SELECTOR = YES;
				GCC_WARN_UNINITIALIZED_AUTOS = YES_AGGRESSIVE;
				GCC_WARN_UNUSED_FUNCTION = YES;
				GCC_WARN_UNUSED_VARIABLE = YES;
				IPHONEOS_DEPLOYMENT_TARGET = 12.4;
				MTL_ENABLE_DEBUG_INFO = INCLUDE_SOURCE;
				MTL_FAST_MATH = YES;
				ONLY_ACTIVE_ARCH = YES;
				SDKROOT = iphoneos;
				SWIFT_ACTIVE_COMPILATION_CONDITIONS = DEBUG;
				SWIFT_OPTIMIZATION_LEVEL = "-Onone";
			};
			name = Debug;
		};
		971B920A230173AA00197138 /* Release */ = {
			isa = XCBuildConfiguration;
			buildSettings = {
				ALWAYS_SEARCH_USER_PATHS = NO;
				CLANG_ANALYZER_NONNULL = YES;
				CLANG_ANALYZER_NUMBER_OBJECT_CONVERSION = YES_AGGRESSIVE;
				CLANG_CXX_LANGUAGE_STANDARD = "gnu++14";
				CLANG_CXX_LIBRARY = "libc++";
				CLANG_ENABLE_MODULES = YES;
				CLANG_ENABLE_OBJC_ARC = YES;
				CLANG_ENABLE_OBJC_WEAK = YES;
				CLANG_WARN_BLOCK_CAPTURE_AUTORELEASING = YES;
				CLANG_WARN_BOOL_CONVERSION = YES;
				CLANG_WARN_COMMA = YES;
				CLANG_WARN_CONSTANT_CONVERSION = YES;
				CLANG_WARN_DEPRECATED_OBJC_IMPLEMENTATIONS = YES;
				CLANG_WARN_DIRECT_OBJC_ISA_USAGE = YES_ERROR;
				CLANG_WARN_DOCUMENTATION_COMMENTS = YES;
				CLANG_WARN_EMPTY_BODY = YES;
				CLANG_WARN_ENUM_CONVERSION = YES;
				CLANG_WARN_INFINITE_RECURSION = YES;
				CLANG_WARN_INT_CONVERSION = YES;
				CLANG_WARN_NON_LITERAL_NULL_CONVERSION = YES;
				CLANG_WARN_OBJC_IMPLICIT_RETAIN_SELF = YES;
				CLANG_WARN_OBJC_LITERAL_CONVERSION = YES;
				CLANG_WARN_OBJC_ROOT_CLASS = YES_ERROR;
				CLANG_WARN_RANGE_LOOP_ANALYSIS = YES;
				CLANG_WARN_STRICT_PROTOTYPES = YES;
				CLANG_WARN_SUSPICIOUS_MOVE = YES;
				CLANG_WARN_UNGUARDED_AVAILABILITY = YES_AGGRESSIVE;
				CLANG_WARN_UNREACHABLE_CODE = YES;
				CLANG_WARN__DUPLICATE_METHOD_MATCH = YES;
				CODE_SIGN_IDENTITY = "iPhone Developer";
				COPY_PHASE_STRIP = NO;
				DEBUG_INFORMATION_FORMAT = "dwarf-with-dsym";
				ENABLE_NS_ASSERTIONS = NO;
				ENABLE_STRICT_OBJC_MSGSEND = YES;
				GCC_C_LANGUAGE_STANDARD = gnu11;
				GCC_NO_COMMON_BLOCKS = YES;
				GCC_WARN_64_TO_32_BIT_CONVERSION = YES;
				GCC_WARN_ABOUT_RETURN_TYPE = YES_ERROR;
				GCC_WARN_UNDECLARED_SELECTOR = YES;
				GCC_WARN_UNINITIALIZED_AUTOS = YES_AGGRESSIVE;
				GCC_WARN_UNUSED_FUNCTION = YES;
				GCC_WARN_UNUSED_VARIABLE = YES;
				IPHONEOS_DEPLOYMENT_TARGET = 12.4;
				MTL_ENABLE_DEBUG_INFO = NO;
				MTL_FAST_MATH = YES;
				SDKROOT = iphoneos;
				SWIFT_COMPILATION_MODE = wholemodule;
				SWIFT_OPTIMIZATION_LEVEL = "-O";
				VALIDATE_PRODUCT = YES;
			};
			name = Release;
		};
		971B920C230173AA00197138 /* Debug */ = {
			isa = XCBuildConfiguration;
			baseConfigurationReference = 09E1E3FC59061F3909628B0F /* Pods-SpotifyDemo.debug.xcconfig */;
			buildSettings = {
				ASSETCATALOG_COMPILER_APPICON_NAME = AppIcon;
				CLANG_ENABLE_MODULES = YES;
				CODE_SIGN_STYLE = Automatic;
				FRAMEWORK_SEARCH_PATHS = (
					"$(inherited)",
					"$(PROJECT_DIR)",
				);
				INFOPLIST_FILE = SpotifyDemo/Info.plist;
				LD_RUNPATH_SEARCH_PATHS = (
					"$(inherited)",
					"@executable_path/Frameworks",
				);
				OTHER_LDFLAGS = "-ObjC";
				PRODUCT_BUNDLE_IDENTIFIER = com.demo.SpotifyDemo;
				PRODUCT_NAME = "$(TARGET_NAME)";
				SWIFT_OBJC_BRIDGING_HEADER = "SpotifyDemo/SpotifyDemo-Bridging-Header.h";
				SWIFT_OPTIMIZATION_LEVEL = "-Onone";
				SWIFT_VERSION = 5.0;
				TARGETED_DEVICE_FAMILY = "1,2";
			};
			name = Debug;
		};
		971B920D230173AA00197138 /* Release */ = {
			isa = XCBuildConfiguration;
			baseConfigurationReference = 1BE7A1421E5219A9C3EDFA08 /* Pods-SpotifyDemo.release.xcconfig */;
			buildSettings = {
				ASSETCATALOG_COMPILER_APPICON_NAME = AppIcon;
				CLANG_ENABLE_MODULES = YES;
				CODE_SIGN_STYLE = Automatic;
				FRAMEWORK_SEARCH_PATHS = (
					"$(inherited)",
					"$(PROJECT_DIR)",
				);
				INFOPLIST_FILE = SpotifyDemo/Info.plist;
				LD_RUNPATH_SEARCH_PATHS = (
					"$(inherited)",
					"@executable_path/Frameworks",
				);
				OTHER_LDFLAGS = "-ObjC";
				PRODUCT_BUNDLE_IDENTIFIER = com.demo.SpotifyDemo;
				PRODUCT_NAME = "$(TARGET_NAME)";
				SWIFT_OBJC_BRIDGING_HEADER = "SpotifyDemo/SpotifyDemo-Bridging-Header.h";
				SWIFT_VERSION = 5.0;
				TARGETED_DEVICE_FAMILY = "1,2";
			};
			name = Release;
		};
/* End XCBuildConfiguration section */

/* Begin XCConfigurationList section */
		971B91F4230173A900197138 /* Build configuration list for PBXProject "SpotifyDemo" */ = {
			isa = XCConfigurationList;
			buildConfigurations = (
				971B9209230173AA00197138 /* Debug */,
				971B920A230173AA00197138 /* Release */,
			);
			defaultConfigurationIsVisible = 0;
			defaultConfigurationName = Release;
		};
		971B920B230173AA00197138 /* Build configuration list for PBXNativeTarget "SpotifyDemo" */ = {
			isa = XCConfigurationList;
			buildConfigurations = (
				971B920C230173AA00197138 /* Debug */,
				971B920D230173AA00197138 /* Release */,
			);
			defaultConfigurationIsVisible = 0;
			defaultConfigurationName = Release;
		};
/* End XCConfigurationList section */
	};
	rootObject = 971B91F1230173A900197138 /* Project object */;
}
